// !$*UTF8*$!
{
	archiveVersion = 1;
	classes = {
	};
	objectVersion = 48;
	objects = {

/* Begin PBXBuildFile section */
		92335A42202555DD008A14E0 /* AppDelegate.swift in Sources */ = {isa = PBXBuildFile; fileRef = 92335A41202555DD008A14E0 /* AppDelegate.swift */; };
		92335A44202555DD008A14E0 /* ViewController.swift in Sources */ = {isa = PBXBuildFile; fileRef = 92335A43202555DD008A14E0 /* ViewController.swift */; };
		92335A47202555DD008A14E0 /* Main.storyboard in Resources */ = {isa = PBXBuildFile; fileRef = 92335A45202555DD008A14E0 /* Main.storyboard */; };
		92335A49202555DD008A14E0 /* Assets.xcassets in Resources */ = {isa = PBXBuildFile; fileRef = 92335A48202555DD008A14E0 /* Assets.xcassets */; };
		92335A4C202555DD008A14E0 /* LaunchScreen.storyboard in Resources */ = {isa = PBXBuildFile; fileRef = 92335A4A202555DD008A14E0 /* LaunchScreen.storyboard */; };
		92335A57202555DD008A14E0 /* Word_GardenTests.swift in Sources */ = {isa = PBXBuildFile; fileRef = 92335A56202555DD008A14E0 /* Word_GardenTests.swift */; };
		92335A62202555DD008A14E0 /* Word_GardenUITests.swift in Sources */ = {isa = PBXBuildFile; fileRef = 92335A61202555DD008A14E0 /* Word_GardenUITests.swift */; };
/* End PBXBuildFile section */

/* Begin PBXContainerItemProxy section */
		92335A53202555DD008A14E0 /* PBXContainerItemProxy */ = {
			isa = PBXContainerItemProxy;
			containerPortal = 92335A36202555DD008A14E0 /* Project object */;
			proxyType = 1;
			remoteGlobalIDString = 92335A3D202555DD008A14E0;
			remoteInfo = "Word Garden";
		};
		92335A5E202555DD008A14E0 /* PBXContainerItemProxy */ = {
			isa = PBXContainerItemProxy;
			containerPortal = 92335A36202555DD008A14E0 /* Project object */;
			proxyType = 1;
			remoteGlobalIDString = 92335A3D202555DD008A14E0;
			remoteInfo = "Word Garden";
		};
/* End PBXContainerItemProxy section */

/* Begin PBXFileReference section */
		92335A3E202555DD008A14E0 /* Word Garden.app */ = {isa = PBXFileReference; explicitFileType = wrapper.application; includeInIndex = 0; path = "Word Garden.app"; sourceTree = BUILT_PRODUCTS_DIR; };
		92335A41202555DD008A14E0 /* AppDelegate.swift */ = {isa = PBXFileReference; lastKnownFileType = sourcecode.swift; path = AppDelegate.swift; sourceTree = "<group>"; };
		92335A43202555DD008A14E0 /* ViewController.swift */ = {isa = PBXFileReference; lastKnownFileType = sourcecode.swift; path = ViewController.swift; sourceTree = "<group>"; };
		92335A46202555DD008A14E0 /* Base */ = {isa = PBXFileReference; lastKnownFileType = file.storyboard; name = Base; path = Base.lproj/Main.storyboard; sourceTree = "<group>"; };
		92335A48202555DD008A14E0 /* Assets.xcassets */ = {isa = PBXFileReference; lastKnownFileType = folder.assetcatalog; path = Assets.xcassets; sourceTree = "<group>"; };
		92335A4B202555DD008A14E0 /* Base */ = {isa = PBXFileReference; lastKnownFileType = file.storyboard; name = Base; path = Base.lproj/LaunchScreen.storyboard; sourceTree = "<group>"; };
		92335A4D202555DD008A14E0 /* Info.plist */ = {isa = PBXFileReference; lastKnownFileType = text.plist.xml; path = Info.plist; sourceTree = "<group>"; };
		92335A52202555DD008A14E0 /* Word GardenTests.xctest */ = {isa = PBXFileReference; explicitFileType = wrapper.cfbundle; includeInIndex = 0; path = "Word GardenTests.xctest"; sourceTree = BUILT_PRODUCTS_DIR; };
		92335A56202555DD008A14E0 /* Word_GardenTests.swift */ = {isa = PBXFileReference; lastKnownFileType = sourcecode.swift; path = Word_GardenTests.swift; sourceTree = "<group>"; };
		92335A58202555DD008A14E0 /* Info.plist */ = {isa = PBXFileReference; lastKnownFileType = text.plist.xml; path = Info.plist; sourceTree = "<group>"; };
		92335A5D202555DD008A14E0 /* Word GardenUITests.xctest */ = {isa = PBXFileReference; explicitFileType = wrapper.cfbundle; includeInIndex = 0; path = "Word GardenUITests.xctest"; sourceTree = BUILT_PRODUCTS_DIR; };
		92335A61202555DD008A14E0 /* Word_GardenUITests.swift */ = {isa = PBXFileReference; lastKnownFileType = sourcecode.swift; path = Word_GardenUITests.swift; sourceTree = "<group>"; };
		92335A63202555DD008A14E0 /* Info.plist */ = {isa = PBXFileReference; lastKnownFileType = text.plist.xml; path = Info.plist; sourceTree = "<group>"; };
/* End PBXFileReference section */

/* Begin PBXFrameworksBuildPhase section */
		92335A3B202555DD008A14E0 /* Frameworks */ = {
			isa = PBXFrameworksBuildPhase;
			buildActionMask = 2147483647;
			files = (
			);
			runOnlyForDeploymentPostprocessing = 0;
		};
		92335A4F202555DD008A14E0 /* Frameworks */ = {
			isa = PBXFrameworksBuildPhase;
			buildActionMask = 2147483647;
			files = (
			);
			runOnlyForDeploymentPostprocessing = 0;
		};
		92335A5A202555DD008A14E0 /* Frameworks */ = {
			isa = PBXFrameworksBuildPhase;
			buildActionMask = 2147483647;
			files = (
			);
			runOnlyForDeploymentPostprocessing = 0;
		};
/* End PBXFrameworksBuildPhase section */

/* Begin PBXGroup section */
		92335A35202555DD008A14E0 = {
			isa = PBXGroup;
			children = (
				92335A40202555DD008A14E0 /* Word Garden */,
				92335A55202555DD008A14E0 /* Word GardenTests */,
				92335A60202555DD008A14E0 /* Word GardenUITests */,
				92335A3F202555DD008A14E0 /* Products */,
			);
			sourceTree = "<group>";
		};
		92335A3F202555DD008A14E0 /* Products */ = {
			isa = PBXGroup;
			children = (
				92335A3E202555DD008A14E0 /* Word Garden.app */,
				92335A52202555DD008A14E0 /* Word GardenTests.xctest */,
				92335A5D202555DD008A14E0 /* Word GardenUITests.xctest */,
			);
			name = Products;
			sourceTree = "<group>";
		};
		92335A40202555DD008A14E0 /* Word Garden */ = {
			isa = PBXGroup;
			children = (
				92335A41202555DD008A14E0 /* AppDelegate.swift */,
				92335A43202555DD008A14E0 /* ViewController.swift */,
				92335A45202555DD008A14E0 /* Main.storyboard */,
				92335A48202555DD008A14E0 /* Assets.xcassets */,
				92335A4A202555DD008A14E0 /* LaunchScreen.storyboard */,
				92335A4D202555DD008A14E0 /* Info.plist */,
			);
			path = "Word Garden";
			sourceTree = "<group>";
		};
		92335A55202555DD008A14E0 /* Word GardenTests */ = {
			isa = PBXGroup;
			children = (
				92335A56202555DD008A14E0 /* Word_GardenTests.swift */,
				92335A58202555DD008A14E0 /* Info.plist */,
			);
			path = "Word GardenTests";
			sourceTree = "<group>";
		};
		92335A60202555DD008A14E0 /* Word GardenUITests */ = {
			isa = PBXGroup;
			children = (
				92335A61202555DD008A14E0 /* Word_GardenUITests.swift */,
				92335A63202555DD008A14E0 /* Info.plist */,
			);
			path = "Word GardenUITests";
			sourceTree = "<group>";
		};
/* End PBXGroup section */

/* Begin PBXNativeTarget section */
		92335A3D202555DD008A14E0 /* Word Garden */ = {
			isa = PBXNativeTarget;
			buildConfigurationList = 92335A66202555DD008A14E0 /* Build configuration list for PBXNativeTarget "Word Garden" */;
			buildPhases = (
				92335A3A202555DD008A14E0 /* Sources */,
				92335A3B202555DD008A14E0 /* Frameworks */,
				92335A3C202555DD008A14E0 /* Resources */,
			);
			buildRules = (
			);
			dependencies = (
			);
			name = "Word Garden";
			productName = "Word Garden";
			productReference = 92335A3E202555DD008A14E0 /* Word Garden.app */;
			productType = "com.apple.product-type.application";
		};
		92335A51202555DD008A14E0 /* Word GardenTests */ = {
			isa = PBXNativeTarget;
			buildConfigurationList = 92335A69202555DD008A14E0 /* Build configuration list for PBXNativeTarget "Word GardenTests" */;
			buildPhases = (
				92335A4E202555DD008A14E0 /* Sources */,
				92335A4F202555DD008A14E0 /* Frameworks */,
				92335A50202555DD008A14E0 /* Resources */,
			);
			buildRules = (
			);
			dependencies = (
				92335A54202555DD008A14E0 /* PBXTargetDependency */,
			);
			name = "Word GardenTests";
			productName = "Word GardenTests";
			productReference = 92335A52202555DD008A14E0 /* Word GardenTests.xctest */;
			productType = "com.apple.product-type.bundle.unit-test";
		};
		92335A5C202555DD008A14E0 /* Word GardenUITests */ = {
			isa = PBXNativeTarget;
			buildConfigurationList = 92335A6C202555DD008A14E0 /* Build configuration list for PBXNativeTarget "Word GardenUITests" */;
			buildPhases = (
				92335A59202555DD008A14E0 /* Sources */,
				92335A5A202555DD008A14E0 /* Frameworks */,
				92335A5B202555DD008A14E0 /* Resources */,
			);
			buildRules = (
			);
			dependencies = (
				92335A5F202555DD008A14E0 /* PBXTargetDependency */,
			);
			name = "Word GardenUITests";
			productName = "Word GardenUITests";
			productReference = 92335A5D202555DD008A14E0 /* Word GardenUITests.xctest */;
			productType = "com.apple.product-type.bundle.ui-testing";
		};
/* End PBXNativeTarget section */

/* Begin PBXProject section */
		92335A36202555DD008A14E0 /* Project object */ = {
			isa = PBXProject;
			attributes = {
				LastSwiftUpdateCheck = 0920;
				LastUpgradeCheck = 0920;
				ORGANIZATIONNAME = "Victoria LePore";
				TargetAttributes = {
					92335A3D202555DD008A14E0 = {
						CreatedOnToolsVersion = 9.2;
						ProvisioningStyle = Automatic;
					};
					92335A51202555DD008A14E0 = {
						CreatedOnToolsVersion = 9.2;
						ProvisioningStyle = Automatic;
						TestTargetID = 92335A3D202555DD008A14E0;
					};
					92335A5C202555DD008A14E0 = {
						CreatedOnToolsVersion = 9.2;
						ProvisioningStyle = Automatic;
						TestTargetID = 92335A3D202555DD008A14E0;
					};
				};
			};
			buildConfigurationList = 92335A39202555DD008A14E0 /* Build configuration list for PBXProject "Word Garden" */;
			compatibilityVersion = "Xcode 8.0";
			developmentRegion = en;
			hasScannedForEncodings = 0;
			knownRegions = (
				en,
				Base,
			);
			mainGroup = 92335A35202555DD008A14E0;
			productRefGroup = 92335A3F202555DD008A14E0 /* Products */;
			projectDirPath = "";
			projectRoot = "";
			targets = (
				92335A3D202555DD008A14E0 /* Word Garden */,
				92335A51202555DD008A14E0 /* Word GardenTests */,
				92335A5C202555DD008A14E0 /* Word GardenUITests */,
			);
		};
/* End PBXProject section */

/* Begin PBXResourcesBuildPhase section */
		92335A3C202555DD008A14E0 /* Resources */ = {
			isa = PBXResourcesBuildPhase;
			buildActionMask = 2147483647;
			files = (
				92335A4C202555DD008A14E0 /* LaunchScreen.storyboard in Resources */,
				92335A49202555DD008A14E0 /* Assets.xcassets in Resources */,
				92335A47202555DD008A14E0 /* Main.storyboard in Resources */,
			);
			runOnlyForDeploymentPostprocessing = 0;
		};
		92335A50202555DD008A14E0 /* Resources */ = {
			isa = PBXResourcesBuildPhase;
			buildActionMask = 2147483647;
			files = (
			);
			runOnlyForDeploymentPostprocessing = 0;
		};
		92335A5B202555DD008A14E0 /* Resources */ = {
			isa = PBXResourcesBuildPhase;
			buildActionMask = 2147483647;
			files = (
			);
			runOnlyForDeploymentPostprocessing = 0;
		};
/* End PBXResourcesBuildPhase section */

/* Begin PBXSourcesBuildPhase section */
		92335A3A202555DD008A14E0 /* Sources */ = {
			isa = PBXSourcesBuildPhase;
			buildActionMask = 2147483647;
			files = (
				92335A44202555DD008A14E0 /* ViewController.swift in Sources */,
				92335A42202555DD008A14E0 /* AppDelegate.swift in Sources */,
			);
			runOnlyForDeploymentPostprocessing = 0;
		};
		92335A4E202555DD008A14E0 /* Sources */ = {
			isa = PBXSourcesBuildPhase;
			buildActionMask = 2147483647;
			files = (
				92335A57202555DD008A14E0 /* Word_GardenTests.swift in Sources */,
			);
			runOnlyForDeploymentPostprocessing = 0;
		};
		92335A59202555DD008A14E0 /* Sources */ = {
			isa = PBXSourcesBuildPhase;
			buildActionMask = 2147483647;
			files = (
				92335A62202555DD008A14E0 /* Word_GardenUITests.swift in Sources */,
			);
			runOnlyForDeploymentPostprocessing = 0;
		};
/* End PBXSourcesBuildPhase section */

/* Begin PBXTargetDependency section */
		92335A54202555DD008A14E0 /* PBXTargetDependency */ = {
			isa = PBXTargetDependency;
			target = 92335A3D202555DD008A14E0 /* Word Garden */;
			targetProxy = 92335A53202555DD008A14E0 /* PBXContainerItemProxy */;
		};
		92335A5F202555DD008A14E0 /* PBXTargetDependency */ = {
			isa = PBXTargetDependency;
			target = 92335A3D202555DD008A14E0 /* Word Garden */;
			targetProxy = 92335A5E202555DD008A14E0 /* PBXContainerItemProxy */;
		};
/* End PBXTargetDependency section */

/* Begin PBXVariantGroup section */
		92335A45202555DD008A14E0 /* Main.storyboard */ = {
			isa = PBXVariantGroup;
			children = (
				92335A46202555DD008A14E0 /* Base */,
			);
			name = Main.storyboard;
			sourceTree = "<group>";
		};
		92335A4A202555DD008A14E0 /* LaunchScreen.storyboard */ = {
			isa = PBXVariantGroup;
			children = (
				92335A4B202555DD008A14E0 /* Base */,
			);
			name = LaunchScreen.storyboard;
			sourceTree = "<group>";
		};
/* End PBXVariantGroup section */

/* Begin XCBuildConfiguration section */
		92335A64202555DD008A14E0 /* Debug */ = {
			isa = XCBuildConfiguration;
			buildSettings = {
				ALWAYS_SEARCH_USER_PATHS = NO;
				CLANG_ANALYZER_NONNULL = YES;
				CLANG_ANALYZER_NUMBER_OBJECT_CONVERSION = YES_AGGRESSIVE;
				CLANG_CXX_LANGUAGE_STANDARD = "gnu++14";
				CLANG_CXX_LIBRARY = "libc++";
				CLANG_ENABLE_MODULES = YES;
				CLANG_ENABLE_OBJC_ARC = YES;
				CLANG_WARN_BLOCK_CAPTURE_AUTORELEASING = YES;
				CLANG_WARN_BOOL_CONVERSION = YES;
				CLANG_WARN_COMMA = YES;
				CLANG_WARN_CONSTANT_CONVERSION = YES;
				CLANG_WARN_DIRECT_OBJC_ISA_USAGE = YES_ERROR;
				CLANG_WARN_DOCUMENTATION_COMMENTS = YES;
				CLANG_WARN_EMPTY_BODY = YES;
				CLANG_WARN_ENUM_CONVERSION = YES;
				CLANG_WARN_INFINITE_RECURSION = YES;
				CLANG_WARN_INT_CONVERSION = YES;
				CLANG_WARN_NON_LITERAL_NULL_CONVERSION = YES;
				CLANG_WARN_OBJC_LITERAL_CONVERSION = YES;
				CLANG_WARN_OBJC_ROOT_CLASS = YES_ERROR;
				CLANG_WARN_RANGE_LOOP_ANALYSIS = YES;
				CLANG_WARN_STRICT_PROTOTYPES = YES;
				CLANG_WARN_SUSPICIOUS_MOVE = YES;
				CLANG_WARN_UNGUARDED_AVAILABILITY = YES_AGGRESSIVE;
				CLANG_WARN_UNREACHABLE_CODE = YES;
				CLANG_WARN__DUPLICATE_METHOD_MATCH = YES;
				CODE_SIGN_IDENTITY = "iPhone Developer";
				COPY_PHASE_STRIP = NO;
				DEBUG_INFORMATION_FORMAT = dwarf;
				ENABLE_STRICT_OBJC_MSGSEND = YES;
				ENABLE_TESTABILITY = YES;
				GCC_C_LANGUAGE_STANDARD = gnu11;
				GCC_DYNAMIC_NO_PIC = NO;
				GCC_NO_COMMON_BLOCKS = YES;
				GCC_OPTIMIZATION_LEVEL = 0;
				GCC_PREPROCESSOR_DEFINITIONS = (
					"DEBUG=1",
					"$(inherited)",
				);
				GCC_WARN_64_TO_32_BIT_CONVERSION = YES;
				GCC_WARN_ABOUT_RETURN_TYPE = YES_ERROR;
				GCC_WARN_UNDECLARED_SELECTOR = YES;
				GCC_WARN_UNINITIALIZED_AUTOS = YES_AGGRESSIVE;
				GCC_WARN_UNUSED_FUNCTION = YES;
				GCC_WARN_UNUSED_VARIABLE = YES;
				IPHONEOS_DEPLOYMENT_TARGET = 11.2;
				MTL_ENABLE_DEBUG_INFO = YES;
				ONLY_ACTIVE_ARCH = YES;
				SDKROOT = iphoneos;
				SWIFT_ACTIVE_COMPILATION_CONDITIONS = DEBUG;
				SWIFT_OPTIMIZATION_LEVEL = "-Onone";
			};
			name = Debug;
		};
		92335A65202555DD008A14E0 /* Release */ = {
			isa = XCBuildConfiguration;
			buildSettings = {
				ALWAYS_SEARCH_USER_PATHS = NO;
				CLANG_ANALYZER_NONNULL = YES;
				CLANG_ANALYZER_NUMBER_OBJECT_CONVERSION = YES_AGGRESSIVE;
				CLANG_CXX_LANGUAGE_STANDARD = "gnu++14";
				CLANG_CXX_LIBRARY = "libc++";
				CLANG_ENABLE_MODULES = YES;
				CLANG_ENABLE_OBJC_ARC = YES;
				CLANG_WARN_BLOCK_CAPTURE_AUTORELEASING = YES;
				CLANG_WARN_BOOL_CONVERSION = YES;
				CLANG_WARN_COMMA = YES;
				CLANG_WARN_CONSTANT_CONVERSION = YES;
				CLANG_WARN_DIRECT_OBJC_ISA_USAGE = YES_ERROR;
				CLANG_WARN_DOCUMENTATION_COMMENTS = YES;
				CLANG_WARN_EMPTY_BODY = YES;
				CLANG_WARN_ENUM_CONVERSION = YES;
				CLANG_WARN_INFINITE_RECURSION = YES;
				CLANG_WARN_INT_CONVERSION = YES;
				CLANG_WARN_NON_LITERAL_NULL_CONVERSION = YES;
				CLANG_WARN_OBJC_LITERAL_CONVERSION = YES;
				CLANG_WARN_OBJC_ROOT_CLASS = YES_ERROR;
				CLANG_WARN_RANGE_LOOP_ANALYSIS = YES;
				CLANG_WARN_STRICT_PROTOTYPES = YES;
				CLANG_WARN_SUSPICIOUS_MOVE = YES;
				CLANG_WARN_UNGUARDED_AVAILABILITY = YES_AGGRESSIVE;
				CLANG_WARN_UNREACHABLE_CODE = YES;
				CLANG_WARN__DUPLICATE_METHOD_MATCH = YES;
				CODE_SIGN_IDENTITY = "iPhone Developer";
				COPY_PHASE_STRIP = NO;
				DEBUG_INFORMATION_FORMAT = "dwarf-with-dsym";
				ENABLE_NS_ASSERTIONS = NO;
				ENABLE_STRICT_OBJC_MSGSEND = YES;
				GCC_C_LANGUAGE_STANDARD = gnu11;
				GCC_NO_COMMON_BLOCKS = YES;
				GCC_WARN_64_TO_32_BIT_CONVERSION = YES;
				GCC_WARN_ABOUT_RETURN_TYPE = YES_ERROR;
				GCC_WARN_UNDECLARED_SELECTOR = YES;
				GCC_WARN_UNINITIALIZED_AUTOS = YES_AGGRESSIVE;
				GCC_WARN_UNUSED_FUNCTION = YES;
				GCC_WARN_UNUSED_VARIABLE = YES;
				IPHONEOS_DEPLOYMENT_TARGET = 11.2;
				MTL_ENABLE_DEBUG_INFO = NO;
				SDKROOT = iphoneos;
				SWIFT_OPTIMIZATION_LEVEL = "-Owholemodule";
				VALIDATE_PRODUCT = YES;
			};
			name = Release;
		};
		92335A67202555DD008A14E0 /* Debug */ = {
			isa = XCBuildConfiguration;
			buildSettings = {
				ASSETCATALOG_COMPILER_APPICON_NAME = AppIcon;
				CODE_SIGN_STYLE = Automatic;
				DEVELOPMENT_TEAM = 6T2T22NGEV;
				INFOPLIST_FILE = "Word Garden/Info.plist";
				LD_RUNPATH_SEARCH_PATHS = "$(inherited) @executable_path/Frameworks";
				PRODUCT_BUNDLE_IDENTIFIER = "com.lepore.Word-Garden";
				PRODUCT_NAME = "$(TARGET_NAME)";
				SWIFT_VERSION = 4.0;
				TARGETED_DEVICE_FAMILY = "1,2";
			};
			name = Debug;
		};
		92335A68202555DD008A14E0 /* Release */ = {
			isa = XCBuildConfiguration;
			buildSettings = {
				ASSETCATALOG_COMPILER_APPICON_NAME = AppIcon;
				CODE_SIGN_STYLE = Automatic;
				DEVELOPMENT_TEAM = 6T2T22NGEV;
				INFOPLIST_FILE = "Word Garden/Info.plist";
				LD_RUNPATH_SEARCH_PATHS = "$(inherited) @executable_path/Frameworks";
				PRODUCT_BUNDLE_IDENTIFIER = "com.lepore.Word-Garden";
				PRODUCT_NAME = "$(TARGET_NAME)";
				SWIFT_VERSION = 4.0;
				TARGETED_DEVICE_FAMILY = "1,2";
			};
			name = Release;
		};
		92335A6A202555DD008A14E0 /* Debug */ = {
			isa = XCBuildConfiguration;
			buildSettings = {
				ALWAYS_EMBED_SWIFT_STANDARD_LIBRARIES = YES;
				BUNDLE_LOADER = "$(TEST_HOST)";
				CODE_SIGN_STYLE = Automatic;
				DEVELOPMENT_TEAM = 6T2T22NGEV;
				INFOPLIST_FILE = "Word GardenTests/Info.plist";
				LD_RUNPATH_SEARCH_PATHS = "$(inherited) @executable_path/Frameworks @loader_path/Frameworks";
				PRODUCT_BUNDLE_IDENTIFIER = "com.lepore.Word-GardenTests";
				PRODUCT_NAME = "$(TARGET_NAME)";
				SWIFT_VERSION = 4.0;
				TARGETED_DEVICE_FAMILY = "1,2";
				TEST_HOST = "$(BUILT_PRODUCTS_DIR)/Word Garden.app/Word Garden";
			};
			name = Debug;
		};
		92335A6B202555DD008A14E0 /* Release */ = {
			isa = XCBuildConfiguration;
			buildSettings = {
				ALWAYS_EMBED_SWIFT_STANDARD_LIBRARIES = YES;
				BUNDLE_LOADER = "$(TEST_HOST)";
				CODE_SIGN_STYLE = Automatic;
				DEVELOPMENT_TEAM = 6T2T22NGEV;
				INFOPLIST_FILE = "Word GardenTests/Info.plist";
				LD_RUNPATH_SEARCH_PATHS = "$(inherited) @executable_path/Frameworks @loader_path/Frameworks";
				PRODUCT_BUNDLE_IDENTIFIER = "com.lepore.Word-GardenTests";
				PRODUCT_NAME = "$(TARGET_NAME)";
				SWIFT_VERSION = 4.0;
				TARGETED_DEVICE_FAMILY = "1,2";
				TEST_HOST = "$(BUILT_PRODUCTS_DIR)/Word Garden.app/Word Garden";
			};
			name = Release;
		};
		92335A6D202555DD008A14E0 /* Debug */ = {
			isa = XCBuildConfiguration;
			buildSettings = {
				ALWAYS_EMBED_SWIFT_STANDARD_LIBRARIES = YES;
				CODE_SIGN_STYLE = Automatic;
				DEVELOPMENT_TEAM = 6T2T22NGEV;
				INFOPLIST_FILE = "Word GardenUITests/Info.plist";
				LD_RUNPATH_SEARCH_PATHS = "$(inherited) @executable_path/Frameworks @loader_path/Frameworks";
				PRODUCT_BUNDLE_IDENTIFIER = "com.lepore.Word-GardenUITests";
				PRODUCT_NAME = "$(TARGET_NAME)";
				SWIFT_VERSION = 4.0;
				TARGETED_DEVICE_FAMILY = "1,2";
				TEST_TARGET_NAME = "Word Garden";
			};
			name = Debug;
		};
		92335A6E202555DD008A14E0 /* Release */ = {
			isa = XCBuildConfiguration;
			buildSettings = {
				ALWAYS_EMBED_SWIFT_STANDARD_LIBRARIES = YES;
				CODE_SIGN_STYLE = Automatic;
				DEVELOPMENT_TEAM = 6T2T22NGEV;
				INFOPLIST_FILE = "Word GardenUITests/Info.plist";
				LD_RUNPATH_SEARCH_PATHS = "$(inherited) @executable_path/Frameworks @loader_path/Frameworks";
				PRODUCT_BUNDLE_IDENTIFIER = "com.lepore.Word-GardenUITests";
				PRODUCT_NAME = "$(TARGET_NAME)";
				SWIFT_VERSION = 4.0;
				TARGETED_DEVICE_FAMILY = "1,2";
				TEST_TARGET_NAME = "Word Garden";
			};
			name = Release;
		};
/* End XCBuildConfiguration section */

/* Begin XCConfigurationList section */
		92335A39202555DD008A14E0 /* Build configuration list for PBXProject "Word Garden" */ = {
			isa = XCConfigurationList;
			buildConfigurations = (
				92335A64202555DD008A14E0 /* Debug */,
				92335A65202555DD008A14E0 /* Release */,
			);
			defaultConfigurationIsVisible = 0;
			defaultConfigurationName = Release;
		};
		92335A66202555DD008A14E0 /* Build configuration list for PBXNativeTarget "Word Garden" */ = {
			isa = XCConfigurationList;
			buildConfigurations = (
				92335A67202555DD008A14E0 /* Debug */,
				92335A68202555DD008A14E0 /* Release */,
			);
			defaultConfigurationIsVisible = 0;
			defaultConfigurationName = Release;
		};
		92335A69202555DD008A14E0 /* Build configuration list for PBXNativeTarget "Word GardenTests" */ = {
			isa = XCConfigurationList;
			buildConfigurations = (
				92335A6A202555DD008A14E0 /* Debug */,
				92335A6B202555DD008A14E0 /* Release */,
			);
			defaultConfigurationIsVisible = 0;
			defaultConfigurationName = Release;
		};
		92335A6C202555DD008A14E0 /* Build configuration list for PBXNativeTarget "Word GardenUITests" */ = {
			isa = XCConfigurationList;
			buildConfigurations = (
				92335A6D202555DD008A14E0 /* Debug */,
				92335A6E202555DD008A14E0 /* Release */,
			);
			defaultConfigurationIsVisible = 0;
			defaultConfigurationName = Release;
		};
/* End XCConfigurationList section */
	};
	rootObject = 92335A36202555DD008A14E0 /* Project object */;
}
